{
  "nodes": {
    "nixpkgs": {
      "locked": {
        "lastModified": 1770464364,
        "narHash": "sha256-z5NJPSBwsLf/OfD8WTmh79tlSU8XgIbwmk6qB1/TFzY=",
        "owner": "NixOS",
        "repo": "nixpkgs",
        "rev": "23d72dabcb3b12469f57b37170fcbc1789bd7457",
        "type": "github"
      },
      "original": {
        "owner": "NixOS",
        "ref": "nixos-25.11",
        "repo": "nixpkgs",
        "type": "github"
      }
    },
    "root": {
      "inputs": {
        "nixpkgs": "nixpkgs",
        "selfprivacy-api": "selfprivacy-api"
      }
    },
    "selfprivacy-api": {
      "inputs": {
        "nixpkgs": [
          "nixpkgs"
        ]
      },
      "locked": {
        "lastModified": 1771539120,
        "narHash": "sha256-lrUEbzwCU2wMisJJPfS6s7oymoINNiz0alNM1KEbFhI=",
        "ref": "tor-support",
        "rev": "17f03df57259e6a66733be4276ea264c4b3add7e",
        "revCount": 1961,
        "type": "git",
        "url": "https://github.com/selfprivacy-over-alternative-nets/selfprivacy-api.git"
      },
      "original": {
        "ref": "tor-support",
        "type": "git",
        "url": "https://github.com/selfprivacy-over-alternative-nets/selfprivacy-api.git"
      }
    }
  },
  "root": "root",
  "version": 7
}
