{
  "nodes": {
    "nixpkgs": {
      "locked": {
        "lastModified": 1770464364,
        "narHash": "sha256-z5NJPSBwsLf/OfD8WTmh79tlSU8XgIbwmk6qB1/TFzY=",
        "owner": "NixOS",
        "repo": "nixpkgs",
        "rev": "23d72dabcb3b12469f57b37170fcbc1789bd7457",
        "type": "github"
      },
      "original": {
        "owner": "NixOS",
        "ref": "nixos-25.11",
        "repo": "nixpkgs",
        "type": "github"
      }
    },
    "root": {
      "inputs": {
        "nixpkgs": "nixpkgs",
        "selfprivacy-api": "selfprivacy-api"
      }
    },
    "selfprivacy-api": {
      "inputs": {
        "nixpkgs": [
          "nixpkgs"
        ]
      },
      "locked": {
        "lastModified": 1785664169,
        "narHash": "sha256-Vqjqdxgz85yxbQzPLdzVyzJ88fUwrrV7/Cgv6TOm8XM=",
        "ref": "tor-support",
        "rev": "1b1cbffaa0d94a86c52a35fbee8c2f481355511b",
        "revCount": 2029,
        "type": "git",
        "url": "https://github.com/selfprivacy-over-alternative-nets/selfprivacy-api.git"
      },
      "original": {
        "ref": "tor-support",
        "type": "git",
        "url": "https://github.com/selfprivacy-over-alternative-nets/selfprivacy-api.git"
      }
    }
  },
  "root": "root",
  "version": 7
}
